
Microsoft Visual Studio Solution File, Format Version 12.00
# Visual Studio Version 17
VisualStudioVersion = 17.0.31903.59
MinimumVisualStudioVersion = 10.0.40219.1
Project("{2150E333-8FDC-42A3-9474-1A3956D46DE8}") = "src", "src", "{C02BBFD4-2A99-46C8-98A4-9C402654A24C}"
EndProject
Project("{FAE04EC0-301F-11D3-BF4B-00C04F79EFBC}") = "TerraformCICD", "src\TerraformCICD\TerraformCICD.csproj", "{43247F73-5234-4626-B3B9-86678D4424D9}"
EndProject
Project("{2150E333-8FDC-42A3-9474-1A3956D46DE8}") = "test", "test", "{1DECEF13-2687-4B50-A25A-1B2EDF36F449}"
EndProject
Project("{FAE04EC0-301F-11D3-BF4B-00C04F79EFBC}") = "TerraformCICDTests", "test\TerraformCICDTests\TerraformCICDTests.csproj", "{1D850255-320C-4CF0-9989-649FEF000DF7}"
EndProject
Global
	GlobalSection(SolutionConfigurationPlatforms) = preSolution
		Debug|Any CPU = Debug|Any CPU
		Release|Any CPU = Release|Any CPU
	EndGlobalSection
	GlobalSection(SolutionProperties) = preSolution
		HideSolutionNode = FALSE
	EndGlobalSection
	GlobalSection(ProjectConfigurationPlatforms) = postSolution
		{43247F73-5234-4626-B3B9-86678D4424D9}.Debug|Any CPU.ActiveCfg = Debug|Any CPU
		{43247F73-5234-4626-B3B9-86678D4424D9}.Debug|Any CPU.Build.0 = Debug|Any CPU
		{43247F73-5234-4626-B3B9-86678D4424D9}.Release|Any CPU.ActiveCfg = Release|Any CPU
		{43247F73-5234-4626-B3B9-86678D4424D9}.Release|Any CPU.Build.0 = Release|Any CPU
		{1D850255-320C-4CF0-9989-649FEF000DF7}.Debug|Any CPU.ActiveCfg = Debug|Any CPU
		{1D850255-320C-4CF0-9989-649FEF000DF7}.Debug|Any CPU.Build.0 = Debug|Any CPU
		{1D850255-320C-4CF0-9989-649FEF000DF7}.Release|Any CPU.ActiveCfg = Release|Any CPU
		{1D850255-320C-4CF0-9989-649FEF000DF7}.Release|Any CPU.Build.0 = Release|Any CPU
	EndGlobalSection
	GlobalSection(NestedProjects) = preSolution
		{43247F73-5234-4626-B3B9-86678D4424D9} = {C02BBFD4-2A99-46C8-98A4-9C402654A24C}
		{1D850255-320C-4CF0-9989-649FEF000DF7} = {1DECEF13-2687-4B50-A25A-1B2EDF36F449}
	EndGlobalSection
EndGlobal
